
Microsoft Visual Studio Solution File, Format Version 12.00
# Visual Studio Version 17
VisualStudioVersion = 17.0.31912.275
MinimumVisualStudioVersion = 10.0.40219.1
Project("{9A19103F-16F7-4668-BE54-9A1E7A4F7556}") = "Principles", "PRinciples\Principles.csproj", "{BADE2E9D-DC08-427F-B5AC-BA09537FDBEA}"
EndProject
Project("{9A19103F-16F7-4668-BE54-9A1E7A4F7556}") = "UnitTests", "UnitTests\UnitTests.csproj", "{454C5320-75E8-4060-B2A8-ACC68BF766C6}"
EndProject
Global
	GlobalSection(SolutionConfigurationPlatforms) = preSolution
		Debug|Any CPU = Debug|Any CPU
		Release|Any CPU = Release|Any CPU
	EndGlobalSection
	GlobalSection(ProjectConfigurationPlatforms) = postSolution
		{BADE2E9D-DC08-427F-B5AC-BA09537FDBEA}.Debug|Any CPU.ActiveCfg = Debug|Any CPU
		{BADE2E9D-DC08-427F-B5AC-BA09537FDBEA}.Debug|Any CPU.Build.0 = Debug|Any CPU
		{BADE2E9D-DC08-427F-B5AC-BA09537FDBEA}.Release|Any CPU.ActiveCfg = Release|Any CPU
		{BADE2E9D-DC08-427F-B5AC-BA09537FDBEA}.Release|Any CPU.Build.0 = Release|Any CPU
		{454C5320-75E8-4060-B2A8-ACC68BF766C6}.Debug|Any CPU.ActiveCfg = Debug|Any CPU
		{454C5320-75E8-4060-B2A8-ACC68BF766C6}.Debug|Any CPU.Build.0 = Debug|Any CPU
		{454C5320-75E8-4060-B2A8-ACC68BF766C6}.Release|Any CPU.ActiveCfg = Release|Any CPU
		{454C5320-75E8-4060-B2A8-ACC68BF766C6}.Release|Any CPU.Build.0 = Release|Any CPU
	EndGlobalSection
	GlobalSection(SolutionProperties) = preSolution
		HideSolutionNode = FALSE
	EndGlobalSection
	GlobalSection(ExtensibilityGlobals) = postSolution
		SolutionGuid = {F335B996-D11E-4078-9970-BE46ACF647CE}
	EndGlobalSection
EndGlobal
